
Microsoft Visual Studio Solution File, Format Version 12.00
# Visual Studio 2012
Project("{8BC9CEB8-8B4A-11D0-8D11-00A0C91BC942}") = "SimpleActiveScriptHost", "SimpleActiveScriptHost\SimpleActiveScriptHost.vcxproj", "{78AC0820-5BDF-43E6-8234-DAB2E3C926FC}"
EndProject
Project("{FAE04EC0-301F-11D3-BF4B-00C04F79EFBC}") = "SimpleActiveScriptHost.Facts", "SimpleActiveScriptHost.Facts\SimpleActiveScriptHost.Facts.csproj", "{D360F662-2AFC-44A0-950C-56021E3C347B}"
EndProject
Project("{FAE04EC0-301F-11D3-BF4B-00C04F79EFBC}") = "SimpleActiveScriptHost.Facts.CLR4", "SimpleActiveScriptHost.Facts\SimpleActiveScriptHost.Facts.CLR4.csproj", "{F053290C-68A7-4836-AFC4-9A99BB73FE9F}"
EndProject
Project("{2150E333-8FDC-42A3-9474-1A3956D46DE8}") = "Solution Items", "Solution Items", "{329E0285-FCE7-4842-B5AA-0351562768DC}"
	ProjectSection(SolutionItems) = preProject
		..\license.txt = ..\license.txt
		..\readme.md = ..\readme.md
	EndProjectSection
EndProject
Global
	GlobalSection(SolutionConfigurationPlatforms) = preSolution
		Debug|Any CPU = Debug|Any CPU
		Debug|Mixed Platforms = Debug|Mixed Platforms
		Debug|Win32 = Debug|Win32
		Release|Any CPU = Release|Any CPU
		Release|Mixed Platforms = Release|Mixed Platforms
		Release|Win32 = Release|Win32
	EndGlobalSection
	GlobalSection(ProjectConfigurationPlatforms) = postSolution
		{78AC0820-5BDF-43E6-8234-DAB2E3C926FC}.Debug|Any CPU.ActiveCfg = Debug|Win32
		{78AC0820-5BDF-43E6-8234-DAB2E3C926FC}.Debug|Mixed Platforms.ActiveCfg = Debug|Win32
		{78AC0820-5BDF-43E6-8234-DAB2E3C926FC}.Debug|Mixed Platforms.Build.0 = Debug|Win32
		{78AC0820-5BDF-43E6-8234-DAB2E3C926FC}.Debug|Win32.ActiveCfg = Debug|Win32
		{78AC0820-5BDF-43E6-8234-DAB2E3C926FC}.Debug|Win32.Build.0 = Debug|Win32
		{78AC0820-5BDF-43E6-8234-DAB2E3C926FC}.Release|Any CPU.ActiveCfg = Release|Win32
		{78AC0820-5BDF-43E6-8234-DAB2E3C926FC}.Release|Mixed Platforms.ActiveCfg = Release|Win32
		{78AC0820-5BDF-43E6-8234-DAB2E3C926FC}.Release|Mixed Platforms.Build.0 = Release|Win32
		{78AC0820-5BDF-43E6-8234-DAB2E3C926FC}.Release|Win32.ActiveCfg = Release|Win32
		{78AC0820-5BDF-43E6-8234-DAB2E3C926FC}.Release|Win32.Build.0 = Release|Win32
		{D360F662-2AFC-44A0-950C-56021E3C347B}.Debug|Any CPU.ActiveCfg = Debug|Any CPU
		{D360F662-2AFC-44A0-950C-56021E3C347B}.Debug|Any CPU.Build.0 = Debug|Any CPU
		{D360F662-2AFC-44A0-950C-56021E3C347B}.Debug|Mixed Platforms.ActiveCfg = Debug|Any CPU
		{D360F662-2AFC-44A0-950C-56021E3C347B}.Debug|Mixed Platforms.Build.0 = Debug|Any CPU
		{D360F662-2AFC-44A0-950C-56021E3C347B}.Debug|Win32.ActiveCfg = Debug|Any CPU
		{D360F662-2AFC-44A0-950C-56021E3C347B}.Release|Any CPU.ActiveCfg = Release|Any CPU
		{D360F662-2AFC-44A0-950C-56021E3C347B}.Release|Any CPU.Build.0 = Release|Any CPU
		{D360F662-2AFC-44A0-950C-56021E3C347B}.Release|Mixed Platforms.ActiveCfg = Release|Any CPU
		{D360F662-2AFC-44A0-950C-56021E3C347B}.Release|Mixed Platforms.Build.0 = Release|Any CPU
		{D360F662-2AFC-44A0-950C-56021E3C347B}.Release|Win32.ActiveCfg = Release|Any CPU
		{F053290C-68A7-4836-AFC4-9A99BB73FE9F}.Debug|Any CPU.ActiveCfg = Debug|Any CPU
		{F053290C-68A7-4836-AFC4-9A99BB73FE9F}.Debug|Any CPU.Build.0 = Debug|Any CPU
		{F053290C-68A7-4836-AFC4-9A99BB73FE9F}.Debug|Mixed Platforms.ActiveCfg = Debug|Any CPU
		{F053290C-68A7-4836-AFC4-9A99BB73FE9F}.Debug|Mixed Platforms.Build.0 = Debug|Any CPU
		{F053290C-68A7-4836-AFC4-9A99BB73FE9F}.Debug|Win32.ActiveCfg = Debug|Any CPU
		{F053290C-68A7-4836-AFC4-9A99BB73FE9F}.Release|Any CPU.ActiveCfg = Release|Any CPU
		{F053290C-68A7-4836-AFC4-9A99BB73FE9F}.Release|Any CPU.Build.0 = Release|Any CPU
		{F053290C-68A7-4836-AFC4-9A99BB73FE9F}.Release|Mixed Platforms.ActiveCfg = Release|Any CPU
		{F053290C-68A7-4836-AFC4-9A99BB73FE9F}.Release|Mixed Platforms.Build.0 = Release|Any CPU
		{F053290C-68A7-4836-AFC4-9A99BB73FE9F}.Release|Win32.ActiveCfg = Release|Any CPU
	EndGlobalSection
	GlobalSection(SolutionProperties) = preSolution
		HideSolutionNode = FALSE
	EndGlobalSection
EndGlobal
